
Microsoft Visual Studio Solution File, Format Version 12.00
# Visual Studio Version 16
VisualStudioVersion = 16.0.31424.327
MinimumVisualStudioVersion = 10.0.40219.1
Project("{FAE04EC0-301F-11D3-BF4B-00C04F79EFBC}") = "XFLocalization.UWP", "XFLocalization\XFLocalization.UWP\XFLocalization.UWP.csproj", "{BBFF8098-DDD0-4426-9C1D-95F211D83555}"
EndProject
Project("{FAE04EC0-301F-11D3-BF4B-00C04F79EFBC}") = "XFLocalization.Android", "XFLocalization\XFLocalization.Android\XFLocalization.Android.csproj", "{4670C832-12EE-4161-8EFE-2FD1DEB4C68C}"
EndProject
Project("{FAE04EC0-301F-11D3-BF4B-00C04F79EFBC}") = "XFLocalization.iOS", "XFLocalization\XFLocalization.iOS\XFLocalization.iOS.csproj", "{83FDF51F-780B-4BEC-A924-33EE5BFA2DFD}"
EndProject
Project("{FAE04EC0-301F-11D3-BF4B-00C04F79EFBC}") = "XFLocalization", "XFLocalization\XFLocalization\XFLocalization.csproj", "{2E306F77-A72A-4AE6-B9B1-8E779AEA3765}"
EndProject
Global
	GlobalSection(SolutionConfigurationPlatforms) = preSolution
		Debug|Any CPU = Debug|Any CPU
		Debug|ARM = Debug|ARM
		Debug|iPhone = Debug|iPhone
		Debug|iPhoneSimulator = Debug|iPhoneSimulator
		Debug|x64 = Debug|x64
		Debug|x86 = Debug|x86
		Release|Any CPU = Release|Any CPU
		Release|ARM = Release|ARM
		Release|iPhone = Release|iPhone
		Release|iPhoneSimulator = Release|iPhoneSimulator
		Release|x64 = Release|x64
		Release|x86 = Release|x86
	EndGlobalSection
	GlobalSection(ProjectConfigurationPlatforms) = postSolution
		{BBFF8098-DDD0-4426-9C1D-95F211D83555}.Debug|Any CPU.ActiveCfg = Debug|x86
		{BBFF8098-DDD0-4426-9C1D-95F211D83555}.Debug|Any CPU.Build.0 = Debug|x86
		{BBFF8098-DDD0-4426-9C1D-95F211D83555}.Debug|Any CPU.Deploy.0 = Debug|x86
		{BBFF8098-DDD0-4426-9C1D-95F211D83555}.Debug|ARM.ActiveCfg = Debug|ARM
		{BBFF8098-DDD0-4426-9C1D-95F211D83555}.Debug|ARM.Build.0 = Debug|ARM
		{BBFF8098-DDD0-4426-9C1D-95F211D83555}.Debug|ARM.Deploy.0 = Debug|ARM
		{BBFF8098-DDD0-4426-9C1D-95F211D83555}.Debug|iPhone.ActiveCfg = Debug|x86
		{BBFF8098-DDD0-4426-9C1D-95F211D83555}.Debug|iPhone.Build.0 = Debug|x86
		{BBFF8098-DDD0-4426-9C1D-95F211D83555}.Debug|iPhone.Deploy.0 = Debug|x86
		{BBFF8098-DDD0-4426-9C1D-95F211D83555}.Debug|iPhoneSimulator.ActiveCfg = Debug|x86
		{BBFF8098-DDD0-4426-9C1D-95F211D83555}.Debug|iPhoneSimulator.Build.0 = Debug|x86
		{BBFF8098-DDD0-4426-9C1D-95F211D83555}.Debug|iPhoneSimulator.Deploy.0 = Debug|x86
		{BBFF8098-DDD0-4426-9C1D-95F211D83555}.Debug|x64.ActiveCfg = Debug|x64
		{BBFF8098-DDD0-4426-9C1D-95F211D83555}.Debug|x64.Build.0 = Debug|x64
		{BBFF8098-DDD0-4426-9C1D-95F211D83555}.Debug|x64.Deploy.0 = Debug|x64
		{BBFF8098-DDD0-4426-9C1D-95F211D83555}.Debug|x86.ActiveCfg = Debug|x86
		{BBFF8098-DDD0-4426-9C1D-95F211D83555}.Debug|x86.Build.0 = Debug|x86
		{BBFF8098-DDD0-4426-9C1D-95F211D83555}.Debug|x86.Deploy.0 = Debug|x86
		{BBFF8098-DDD0-4426-9C1D-95F211D83555}.Release|Any CPU.ActiveCfg = Release|x86
		{BBFF8098-DDD0-4426-9C1D-95F211D83555}.Release|Any CPU.Build.0 = Release|x86
		{BBFF8098-DDD0-4426-9C1D-95F211D83555}.Release|Any CPU.Deploy.0 = Release|x86
		{BBFF8098-DDD0-4426-9C1D-95F211D83555}.Release|ARM.ActiveCfg = Release|ARM
		{BBFF8098-DDD0-4426-9C1D-95F211D83555}.Release|ARM.Build.0 = Release|ARM
		{BBFF8098-DDD0-4426-9C1D-95F211D83555}.Release|ARM.Deploy.0 = Release|ARM
		{BBFF8098-DDD0-4426-9C1D-95F211D83555}.Release|iPhone.ActiveCfg = Release|x86
		{BBFF8098-DDD0-4426-9C1D-95F211D83555}.Release|iPhone.Build.0 = Release|x86
		{BBFF8098-DDD0-4426-9C1D-95F211D83555}.Release|iPhone.Deploy.0 = Release|x86
		{BBFF8098-DDD0-4426-9C1D-95F211D83555}.Release|iPhoneSimulator.ActiveCfg = Release|x86
		{BBFF8098-DDD0-4426-9C1D-95F211D83555}.Release|iPhoneSimulator.Build.0 = Release|x86
		{BBFF8098-DDD0-4426-9C1D-95F211D83555}.Release|iPhoneSimulator.Deploy.0 = Release|x86
		{BBFF8098-DDD0-4426-9C1D-95F211D83555}.Release|x64.ActiveCfg = Release|x64
		{BBFF8098-DDD0-4426-9C1D-95F211D83555}.Release|x64.Build.0 = Release|x64
		{BBFF8098-DDD0-4426-9C1D-95F211D83555}.Release|x64.Deploy.0 = Release|x64
		{BBFF8098-DDD0-4426-9C1D-95F211D83555}.Release|x86.ActiveCfg = Release|x86
		{BBFF8098-DDD0-4426-9C1D-95F211D83555}.Release|x86.Build.0 = Release|x86
		{BBFF8098-DDD0-4426-9C1D-95F211D83555}.Release|x86.Deploy.0 = Release|x86
		{4670C832-12EE-4161-8EFE-2FD1DEB4C68C}.Debug|Any CPU.ActiveCfg = Debug|Any CPU
		{4670C832-12EE-4161-8EFE-2FD1DEB4C68C}.Debug|Any CPU.Build.0 = Debug|Any CPU
		{4670C832-12EE-4161-8EFE-2FD1DEB4C68C}.Debug|Any CPU.Deploy.0 = Debug|Any CPU
		{4670C832-12EE-4161-8EFE-2FD1DEB4C68C}.Debug|ARM.ActiveCfg = Debug|Any CPU
		{4670C832-12EE-4161-8EFE-2FD1DEB4C68C}.Debug|ARM.Build.0 = Debug|Any CPU
		{4670C832-12EE-4161-8EFE-2FD1DEB4C68C}.Debug|ARM.Deploy.0 = Debug|Any CPU
		{4670C832-12EE-4161-8EFE-2FD1DEB4C68C}.Debug|iPhone.ActiveCfg = Debug|Any CPU
		{4670C832-12EE-4161-8EFE-2FD1DEB4C68C}.Debug|iPhone.Build.0 = Debug|Any CPU
		{4670C832-12EE-4161-8EFE-2FD1DEB4C68C}.Debug|iPhone.Deploy.0 = Debug|Any CPU
		{4670C832-12EE-4161-8EFE-2FD1DEB4C68C}.Debug|iPhoneSimulator.ActiveCfg = Debug|Any CPU
		{4670C832-12EE-4161-8EFE-2FD1DEB4C68C}.Debug|iPhoneSimulator.Build.0 = Debug|Any CPU
		{4670C832-12EE-4161-8EFE-2FD1DEB4C68C}.Debug|iPhoneSimulator.Deploy.0 = Debug|Any CPU
		{4670C832-12EE-4161-8EFE-2FD1DEB4C68C}.Debug|x64.ActiveCfg = Debug|Any CPU
		{4670C832-12EE-4161-8EFE-2FD1DEB4C68C}.Debug|x64.Build.0 = Debug|Any CPU
		{4670C832-12EE-4161-8EFE-2FD1DEB4C68C}.Debug|x64.Deploy.0 = Debug|Any CPU
		{4670C832-12EE-4161-8EFE-2FD1DEB4C68C}.Debug|x86.ActiveCfg = Debug|Any CPU
		{4670C832-12EE-4161-8EFE-2FD1DEB4C68C}.Debug|x86.Build.0 = Debug|Any CPU
		{4670C832-12EE-4161-8EFE-2FD1DEB4C68C}.Debug|x86.Deploy.0 = Debug|Any CPU
		{4670C832-12EE-4161-8EFE-2FD1DEB4C68C}.Release|Any CPU.ActiveCfg = Release|Any CPU
		{4670C832-12EE-4161-8EFE-2FD1DEB4C68C}.Release|Any CPU.Build.0 = Release|Any CPU
		{4670C832-12EE-4161-8EFE-2FD1DEB4C68C}.Release|Any CPU.Deploy.0 = Release|Any CPU
		{4670C832-12EE-4161-8EFE-2FD1DEB4C68C}.Release|ARM.ActiveCfg = Release|Any CPU
		{4670C832-12EE-4161-8EFE-2FD1DEB4C68C}.Release|ARM.Build.0 = Release|Any CPU
		{4670C832-12EE-4161-8EFE-2FD1DEB4C68C}.Release|ARM.Deploy.0 = Release|Any CPU
		{4670C832-12EE-4161-8EFE-2FD1DEB4C68C}.Release|iPhone.ActiveCfg = Release|Any CPU
		{4670C832-12EE-4161-8EFE-2FD1DEB4C68C}.Release|iPhone.Build.0 = Release|Any CPU
		{4670C832-12EE-4161-8EFE-2FD1DEB4C68C}.Release|iPhone.Deploy.0 = Release|Any CPU
		{4670C832-12EE-4161-8EFE-2FD1DEB4C68C}.Release|iPhoneSimulator.ActiveCfg = Release|Any CPU
		{4670C832-12EE-4161-8EFE-2FD1DEB4C68C}.Release|iPhoneSimulator.Build.0 = Release|Any CPU
		{4670C832-12EE-4161-8EFE-2FD1DEB4C68C}.Release|iPhoneSimulator.Deploy.0 = Release|Any CPU
		{4670C832-12EE-4161-8EFE-2FD1DEB4C68C}.Release|x64.ActiveCfg = Release|Any CPU
		{4670C832-12EE-4161-8EFE-2FD1DEB4C68C}.Release|x64.Build.0 = Release|Any CPU
		{4670C832-12EE-4161-8EFE-2FD1DEB4C68C}.Release|x64.Deploy.0 = Release|Any CPU
		{4670C832-12EE-4161-8EFE-2FD1DEB4C68C}.Release|x86.ActiveCfg = Release|Any CPU
		{4670C832-12EE-4161-8EFE-2FD1DEB4C68C}.Release|x86.Build.0 = Release|Any CPU
		{4670C832-12EE-4161-8EFE-2FD1DEB4C68C}.Release|x86.Deploy.0 = Release|Any CPU
		{83FDF51F-780B-4BEC-A924-33EE5BFA2DFD}.Debug|Any CPU.ActiveCfg = Debug|iPhoneSimulator
		{83FDF51F-780B-4BEC-A924-33EE5BFA2DFD}.Debug|Any CPU.Build.0 = Debug|iPhoneSimulator
		{83FDF51F-780B-4BEC-A924-33EE5BFA2DFD}.Debug|Any CPU.Deploy.0 = Debug|iPhoneSimulator
		{83FDF51F-780B-4BEC-A924-33EE5BFA2DFD}.Debug|ARM.ActiveCfg = Debug|iPhone
		{83FDF51F-780B-4BEC-A924-33EE5BFA2DFD}.Debug|ARM.Build.0 = Debug|iPhone
		{83FDF51F-780B-4BEC-A924-33EE5BFA2DFD}.Debug|ARM.Deploy.0 = Debug|iPhone
		{83FDF51F-780B-4BEC-A924-33EE5BFA2DFD}.Debug|iPhone.ActiveCfg = Debug|iPhone
		{83FDF51F-780B-4BEC-A924-33EE5BFA2DFD}.Debug|iPhone.Build.0 = Debug|iPhone
		{83FDF51F-780B-4BEC-A924-33EE5BFA2DFD}.Debug|iPhone.Deploy.0 = Debug|iPhone
		{83FDF51F-780B-4BEC-A924-33EE5BFA2DFD}.Debug|iPhoneSimulator.ActiveCfg = Debug|iPhoneSimulator
		{83FDF51F-780B-4BEC-A924-33EE5BFA2DFD}.Debug|iPhoneSimulator.Build.0 = Debug|iPhoneSimulator
		{83FDF51F-780B-4BEC-A924-33EE5BFA2DFD}.Debug|iPhoneSimulator.Deploy.0 = Debug|iPhoneSimulator
		{83FDF51F-780B-4BEC-A924-33EE5BFA2DFD}.Debug|x64.ActiveCfg = Debug|iPhoneSimulator
		{83FDF51F-780B-4BEC-A924-33EE5BFA2DFD}.Debug|x64.Build.0 = Debug|iPhoneSimulator
		{83FDF51F-780B-4BEC-A924-33EE5BFA2DFD}.Debug|x64.Deploy.0 = Debug|iPhoneSimulator
		{83FDF51F-780B-4BEC-A924-33EE5BFA2DFD}.Debug|x86.ActiveCfg = Debug|iPhoneSimulator
		{83FDF51F-780B-4BEC-A924-33EE5BFA2DFD}.Debug|x86.Build.0 = Debug|iPhoneSimulator
		{83FDF51F-780B-4BEC-A924-33EE5BFA2DFD}.Debug|x86.Deploy.0 = Debug|iPhoneSimulator
		{83FDF51F-780B-4BEC-A924-33EE5BFA2DFD}.Release|Any CPU.ActiveCfg = Release|iPhoneSimulator
		{83FDF51F-780B-4BEC-A924-33EE5BFA2DFD}.Release|Any CPU.Build.0 = Release|iPhoneSimulator
		{83FDF51F-780B-4BEC-A924-33EE5BFA2DFD}.Release|Any CPU.Deploy.0 = Release|iPhoneSimulator
		{83FDF51F-780B-4BEC-A924-33EE5BFA2DFD}.Release|ARM.ActiveCfg = Release|iPhoneSimulator
		{83FDF51F-780B-4BEC-A924-33EE5BFA2DFD}.Release|ARM.Build.0 = Release|iPhoneSimulator
		{83FDF51F-780B-4BEC-A924-33EE5BFA2DFD}.Release|ARM.Deploy.0 = Release|iPhoneSimulator
		{83FDF51F-780B-4BEC-A924-33EE5BFA2DFD}.Release|iPhone.ActiveCfg = Release|iPhone
		{83FDF51F-780B-4BEC-A924-33EE5BFA2DFD}.Release|iPhone.Build.0 = Release|iPhone
		{83FDF51F-780B-4BEC-A924-33EE5BFA2DFD}.Release|iPhone.Deploy.0 = Release|iPhone
		{83FDF51F-780B-4BEC-A924-33EE5BFA2DFD}.Release|iPhoneSimulator.ActiveCfg = Release|iPhoneSimulator
		{83FDF51F-780B-4BEC-A924-33EE5BFA2DFD}.Release|iPhoneSimulator.Build.0 = Release|iPhoneSimulator
		{83FDF51F-780B-4BEC-A924-33EE5BFA2DFD}.Release|iPhoneSimulator.Deploy.0 = Release|iPhoneSimulator
		{83FDF51F-780B-4BEC-A924-33EE5BFA2DFD}.Release|x64.ActiveCfg = Release|iPhoneSimulator
		{83FDF51F-780B-4BEC-A924-33EE5BFA2DFD}.Release|x64.Build.0 = Release|iPhoneSimulator
		{83FDF51F-780B-4BEC-A924-33EE5BFA2DFD}.Release|x64.Deploy.0 = Release|iPhoneSimulator
		{83FDF51F-780B-4BEC-A924-33EE5BFA2DFD}.Release|x86.ActiveCfg = Release|iPhoneSimulator
		{83FDF51F-780B-4BEC-A924-33EE5BFA2DFD}.Release|x86.Build.0 = Release|iPhoneSimulator
		{83FDF51F-780B-4BEC-A924-33EE5BFA2DFD}.Release|x86.Deploy.0 = Release|iPhoneSimulator
		{2E306F77-A72A-4AE6-B9B1-8E779AEA3765}.Debug|Any CPU.ActiveCfg = Debug|Any CPU
		{2E306F77-A72A-4AE6-B9B1-8E779AEA3765}.Debug|Any CPU.Build.0 = Debug|Any CPU
		{2E306F77-A72A-4AE6-B9B1-8E779AEA3765}.Debug|Any CPU.Deploy.0 = Debug|Any CPU
		{2E306F77-A72A-4AE6-B9B1-8E779AEA3765}.Debug|ARM.ActiveCfg = Debug|Any CPU
		{2E306F77-A72A-4AE6-B9B1-8E779AEA3765}.Debug|ARM.Build.0 = Debug|Any CPU
		{2E306F77-A72A-4AE6-B9B1-8E779AEA3765}.Debug|ARM.Deploy.0 = Debug|Any CPU
		{2E306F77-A72A-4AE6-B9B1-8E779AEA3765}.Debug|iPhone.ActiveCfg = Debug|Any CPU
		{2E306F77-A72A-4AE6-B9B1-8E779AEA3765}.Debug|iPhone.Build.0 = Debug|Any CPU
		{2E306F77-A72A-4AE6-B9B1-8E779AEA3765}.Debug|iPhone.Deploy.0 = Debug|Any CPU
		{2E306F77-A72A-4AE6-B9B1-8E779AEA3765}.Debug|iPhoneSimulator.ActiveCfg = Debug|Any CPU
		{2E306F77-A72A-4AE6-B9B1-8E779AEA3765}.Debug|iPhoneSimulator.Build.0 = Debug|Any CPU
		{2E306F77-A72A-4AE6-B9B1-8E779AEA3765}.Debug|iPhoneSimulator.Deploy.0 = Debug|Any CPU
		{2E306F77-A72A-4AE6-B9B1-8E779AEA3765}.Debug|x64.ActiveCfg = Debug|Any CPU
		{2E306F77-A72A-4AE6-B9B1-8E779AEA3765}.Debug|x64.Build.0 = Debug|Any CPU
		{2E306F77-A72A-4AE6-B9B1-8E779AEA3765}.Debug|x64.Deploy.0 = Debug|Any CPU
		{2E306F77-A72A-4AE6-B9B1-8E779AEA3765}.Debug|x86.ActiveCfg = Debug|Any CPU
		{2E306F77-A72A-4AE6-B9B1-8E779AEA3765}.Debug|x86.Build.0 = Debug|Any CPU
		{2E306F77-A72A-4AE6-B9B1-8E779AEA3765}.Debug|x86.Deploy.0 = Debug|Any CPU
		{2E306F77-A72A-4AE6-B9B1-8E779AEA3765}.Release|Any CPU.ActiveCfg = Release|Any CPU
		{2E306F77-A72A-4AE6-B9B1-8E779AEA3765}.Release|Any CPU.Build.0 = Release|Any CPU
		{2E306F77-A72A-4AE6-B9B1-8E779AEA3765}.Release|Any CPU.Deploy.0 = Release|Any CPU
		{2E306F77-A72A-4AE6-B9B1-8E779AEA3765}.Release|ARM.ActiveCfg = Release|Any CPU
		{2E306F77-A72A-4AE6-B9B1-8E779AEA3765}.Release|ARM.Build.0 = Release|Any CPU
		{2E306F77-A72A-4AE6-B9B1-8E779AEA3765}.Release|ARM.Deploy.0 = Release|Any CPU
		{2E306F77-A72A-4AE6-B9B1-8E779AEA3765}.Release|iPhone.ActiveCfg = Release|Any CPU
		{2E306F77-A72A-4AE6-B9B1-8E779AEA3765}.Release|iPhone.Build.0 = Release|Any CPU
		{2E306F77-A72A-4AE6-B9B1-8E779AEA3765}.Release|iPhone.Deploy.0 = Release|Any CPU
		{2E306F77-A72A-4AE6-B9B1-8E779AEA3765}.Release|iPhoneSimulator.ActiveCfg = Release|Any CPU
		{2E306F77-A72A-4AE6-B9B1-8E779AEA3765}.Release|iPhoneSimulator.Build.0 = Release|Any CPU
		{2E306F77-A72A-4AE6-B9B1-8E779AEA3765}.Release|iPhoneSimulator.Deploy.0 = Release|Any CPU
		{2E306F77-A72A-4AE6-B9B1-8E779AEA3765}.Release|x64.ActiveCfg = Release|Any CPU
		{2E306F77-A72A-4AE6-B9B1-8E779AEA3765}.Release|x64.Build.0 = Release|Any CPU
		{2E306F77-A72A-4AE6-B9B1-8E779AEA3765}.Release|x64.Deploy.0 = Release|Any CPU
		{2E306F77-A72A-4AE6-B9B1-8E779AEA3765}.Release|x86.ActiveCfg = Release|Any CPU
		{2E306F77-A72A-4AE6-B9B1-8E779AEA3765}.Release|x86.Build.0 = Release|Any CPU
		{2E306F77-A72A-4AE6-B9B1-8E779AEA3765}.Release|x86.Deploy.0 = Release|Any CPU
	EndGlobalSection
	GlobalSection(SolutionProperties) = preSolution
		HideSolutionNode = FALSE
	EndGlobalSection
	GlobalSection(ExtensibilityGlobals) = postSolution
		SolutionGuid = {72C572A0-9192-4F9F-A476-C652CDC74411}
	EndGlobalSection
EndGlobal
